
Microsoft Visual Studio Solution File, Format Version 12.00
# Visual Studio Version 17
VisualStudioVersion = 17.11.35327.3
MinimumVisualStudioVersion = 10.0.40219.1
Project("{9A19103F-16F7-4668-BE54-9A1E7A4F7556}") = "PiTPIWEB", "PiTPIWEB\PiTPIWEB.csproj", "{1014E152-E040-4F4A-B36B-093A41EC5BDB}"
EndProject
Project("{9A19103F-16F7-4668-BE54-9A1E7A4F7556}") = "ConsoleApp", "Console\ConsoleApp.csproj", "{CEFD9559-0A7E-40E7-9FDD-544DB8805B90}"
EndProject
Project("{2150E333-8FDC-42A3-9474-1A3956D46DE8}") = "Html", "Html", "{9553C7C5-7603-477D-8C6A-90F9E8804A6E}"
	ProjectSection(SolutionItems) = preProject
		appsettings.json = appsettings.json
		index.html = index.html
	EndProjectSection
EndProject
Global
	GlobalSection(SolutionConfigurationPlatforms) = preSolution
		Debug|Any CPU = Debug|Any CPU
		Release|Any CPU = Release|Any CPU
	EndGlobalSection
	GlobalSection(ProjectConfigurationPlatforms) = postSolution
		{1014E152-E040-4F4A-B36B-093A41EC5BDB}.Debug|Any CPU.ActiveCfg = Debug|Any CPU
		{1014E152-E040-4F4A-B36B-093A41EC5BDB}.Debug|Any CPU.Build.0 = Debug|Any CPU
		{1014E152-E040-4F4A-B36B-093A41EC5BDB}.Release|Any CPU.ActiveCfg = Release|Any CPU
		{1014E152-E040-4F4A-B36B-093A41EC5BDB}.Release|Any CPU.Build.0 = Release|Any CPU
		{CEFD9559-0A7E-40E7-9FDD-544DB8805B90}.Debug|Any CPU.ActiveCfg = Debug|Any CPU
		{CEFD9559-0A7E-40E7-9FDD-544DB8805B90}.Debug|Any CPU.Build.0 = Debug|Any CPU
		{CEFD9559-0A7E-40E7-9FDD-544DB8805B90}.Release|Any CPU.ActiveCfg = Release|Any CPU
		{CEFD9559-0A7E-40E7-9FDD-544DB8805B90}.Release|Any CPU.Build.0 = Release|Any CPU
	EndGlobalSection
	GlobalSection(SolutionProperties) = preSolution
		HideSolutionNode = FALSE
	EndGlobalSection
	GlobalSection(ExtensibilityGlobals) = postSolution
		SolutionGuid = {1EA56F4A-20AC-4E47-A1FA-F83C86092994}
	EndGlobalSection
EndGlobal
